
Microsoft Visual Studio Solution File, Format Version 12.00
# Visual Studio Version 16
VisualStudioVersion = 16.0.30803.129
MinimumVisualStudioVersion = 10.0.40219.1
Project("{FAE04EC0-301F-11D3-BF4B-00C04F79EFBC}") = "JobLocationFixer", "JobLocationFixer\JobLocationFixer.csproj", "{C2DF6109-95FA-45D3-BF06-9B5C90CA1542}"
EndProject
Global
	GlobalSection(SolutionConfigurationPlatforms) = preSolution
		Debug|Any CPU = Debug|Any CPU
		Release|Any CPU = Release|Any CPU
	EndGlobalSection
	GlobalSection(ProjectConfigurationPlatforms) = postSolution
		{C2DF6109-95FA-45D3-BF06-9B5C90CA1542}.Debug|Any CPU.ActiveCfg = Debug|Any CPU
		{C2DF6109-95FA-45D3-BF06-9B5C90CA1542}.Debug|Any CPU.Build.0 = Debug|Any CPU
		{C2DF6109-95FA-45D3-BF06-9B5C90CA1542}.Release|Any CPU.ActiveCfg = Release|Any CPU
		{C2DF6109-95FA-45D3-BF06-9B5C90CA1542}.Release|Any CPU.Build.0 = Release|Any CPU
	EndGlobalSection
	GlobalSection(SolutionProperties) = preSolution
		HideSolutionNode = FALSE
	EndGlobalSection
	GlobalSection(ExtensibilityGlobals) = postSolution
		SolutionGuid = {F26485B2-36F2-4BB7-8052-F6640BAE5531}
	EndGlobalSection
EndGlobal
